// !$*UTF8*$!
{
	archiveVersion = 1;
	classes = {
	};
	objectVersion = 46;
	objects = {

/* Begin PBXBuildFile section */
		117031241ED58D8400C2169E /* AppDelegate.swift in Sources */ = {isa = PBXBuildFile; fileRef = 117031231ED58D8400C2169E /* AppDelegate.swift */; };
		117031261ED58D8400C2169E /* ViewController.swift in Sources */ = {isa = PBXBuildFile; fileRef = 117031251ED58D8400C2169E /* ViewController.swift */; };
		117031291ED58D8400C2169E /* Main.storyboard in Resources */ = {isa = PBXBuildFile; fileRef = 117031271ED58D8400C2169E /* Main.storyboard */; };
		1170312B1ED58D8400C2169E /* Assets.xcassets in Resources */ = {isa = PBXBuildFile; fileRef = 1170312A1ED58D8400C2169E /* Assets.xcassets */; };
		1170312E1ED58D8400C2169E /* LaunchScreen.storyboard in Resources */ = {isa = PBXBuildFile; fileRef = 1170312C1ED58D8400C2169E /* LaunchScreen.storyboard */; };
		117031361ED58F0E00C2169E /* AddViewController.swift in Sources */ = {isa = PBXBuildFile; fileRef = 117031351ED58F0E00C2169E /* AddViewController.swift */; };
/* End PBXBuildFile section */

/* Begin PBXFileReference section */
		117031201ED58D8300C2169E /* JCTimeTable.app */ = {isa = PBXFileReference; explicitFileType = wrapper.application; includeInIndex = 0; path = JCTimeTable.app; sourceTree = BUILT_PRODUCTS_DIR; };
		117031231ED58D8400C2169E /* AppDelegate.swift */ = {isa = PBXFileReference; lastKnownFileType = sourcecode.swift; path = AppDelegate.swift; sourceTree = "<group>"; };
		117031251ED58D8400C2169E /* ViewController.swift */ = {isa = PBXFileReference; lastKnownFileType = sourcecode.swift; path = ViewController.swift; sourceTree = "<group>"; };
		117031281ED58D8400C2169E /* Base */ = {isa = PBXFileReference; lastKnownFileType = file.storyboard; name = Base; path = Base.lproj/Main.storyboard; sourceTree = "<group>"; };
		1170312A1ED58D8400C2169E /* Assets.xcassets */ = {isa = PBXFileReference; lastKnownFileType = folder.assetcatalog; path = Assets.xcassets; sourceTree = "<group>"; };
		1170312D1ED58D8400C2169E /* Base */ = {isa = PBXFileReference; lastKnownFileType = file.storyboard; name = Base; path = Base.lproj/LaunchScreen.storyboard; sourceTree = "<group>"; };
		1170312F1ED58D8400C2169E /* Info.plist */ = {isa = PBXFileReference; lastKnownFileType = text.plist.xml; path = Info.plist; sourceTree = "<group>"; };
		117031351ED58F0E00C2169E /* AddViewController.swift */ = {isa = PBXFileReference; fileEncoding = 4; lastKnownFileType = sourcecode.swift; path = AddViewController.swift; sourceTree = "<group>"; };
/* End PBXFileReference section */

/* Begin PBXFrameworksBuildPhase section */
		1170311D1ED58D8300C2169E /* Frameworks */ = {
			isa = PBXFrameworksBuildPhase;
			buildActionMask = 2147483647;
			files = (
			);
			runOnlyForDeploymentPostprocessing = 0;
		};
/* End PBXFrameworksBuildPhase section */

/* Begin PBXGroup section */
		117031171ED58D8300C2169E = {
			isa = PBXGroup;
			children = (
				117031221ED58D8300C2169E /* JCTimeTable */,
				117031211ED58D8300C2169E /* Products */,
			);
			sourceTree = "<group>";
		};
		117031211ED58D8300C2169E /* Products */ = {
			isa = PBXGroup;
			children = (
				117031201ED58D8300C2169E /* JCTimeTable.app */,
			);
			name = Products;
			sourceTree = "<group>";
		};
		117031221ED58D8300C2169E /* JCTimeTable */ = {
			isa = PBXGroup;
			children = (
				117031231ED58D8400C2169E /* AppDelegate.swift */,
				117031251ED58D8400C2169E /* ViewController.swift */,
				117031351ED58F0E00C2169E /* AddViewController.swift */,
				117031271ED58D8400C2169E /* Main.storyboard */,
				1170312A1ED58D8400C2169E /* Assets.xcassets */,
				1170312C1ED58D8400C2169E /* LaunchScreen.storyboard */,
				1170312F1ED58D8400C2169E /* Info.plist */,
			);
			path = JCTimeTable;
			sourceTree = "<group>";
		};
/* End PBXGroup section */

/* Begin PBXNativeTarget section */
		1170311F1ED58D8300C2169E /* JCTimeTable */ = {
			isa = PBXNativeTarget;
			buildConfigurationList = 117031321ED58D8400C2169E /* Build configuration list for PBXNativeTarget "JCTimeTable" */;
			buildPhases = (
				1170311C1ED58D8300C2169E /* Sources */,
				1170311D1ED58D8300C2169E /* Frameworks */,
				1170311E1ED58D8300C2169E /* Resources */,
			);
			buildRules = (
			);
			dependencies = (
			);
			name = JCTimeTable;
			productName = JCTimeTable;
			productReference = 117031201ED58D8300C2169E /* JCTimeTable.app */;
			productType = "com.apple.product-type.application";
		};
/* End PBXNativeTarget section */

/* Begin PBXProject section */
		117031181ED58D8300C2169E /* Project object */ = {
			isa = PBXProject;
			attributes = {
				LastSwiftUpdateCheck = 0830;
				LastUpgradeCheck = 0830;
				ORGANIZATIONNAME = Mindrose;
				TargetAttributes = {
					1170311F1ED58D8300C2169E = {
						CreatedOnToolsVersion = 8.3.2;
						ProvisioningStyle = Automatic;
					};
				};
			};
			buildConfigurationList = 1170311B1ED58D8300C2169E /* Build configuration list for PBXProject "JCTimeTable" */;
			compatibilityVersion = "Xcode 3.2";
			developmentRegion = English;
			hasScannedForEncodings = 0;
			knownRegions = (
				en,
				Base,
			);
			mainGroup = 117031171ED58D8300C2169E;
			productRefGroup = 117031211ED58D8300C2169E /* Products */;
			projectDirPath = "";
			projectRoot = "";
			targets = (
				1170311F1ED58D8300C2169E /* JCTimeTable */,
			);
		};
/* End PBXProject section */

/* Begin PBXResourcesBuildPhase section */
		1170311E1ED58D8300C2169E /* Resources */ = {
			isa = PBXResourcesBuildPhase;
			buildActionMask = 2147483647;
			files = (
				1170312E1ED58D8400C2169E /* LaunchScreen.storyboard in Resources */,
				1170312B1ED58D8400C2169E /* Assets.xcassets in Resources */,
				117031291ED58D8400C2169E /* Main.storyboard in Resources */,
			);
			runOnlyForDeploymentPostprocessing = 0;
		};
/* End PBXResourcesBuildPhase section */

/* Begin PBXSourcesBuildPhase section */
		1170311C1ED58D8300C2169E /* Sources */ = {
			isa = PBXSourcesBuildPhase;
			buildActionMask = 2147483647;
			files = (
				117031261ED58D8400C2169E /* ViewController.swift in Sources */,
				117031241ED58D8400C2169E /* AppDelegate.swift in Sources */,
				117031361ED58F0E00C2169E /* AddViewController.swift in Sources */,
			);
			runOnlyForDeploymentPostprocessing = 0;
		};
/* End PBXSourcesBuildPhase section */

/* Begin PBXVariantGroup section */
		117031271ED58D8400C2169E /* Main.storyboard */ = {
			isa = PBXVariantGroup;
			children = (
				117031281ED58D8400C2169E /* Base */,
			);
			name = Main.storyboard;
			sourceTree = "<group>";
		};
		1170312C1ED58D8400C2169E /* LaunchScreen.storyboard */ = {
			isa = PBXVariantGroup;
			children = (
				1170312D1ED58D8400C2169E /* Base */,
			);
			name = LaunchScreen.storyboard;
			sourceTree = "<group>";
		};
/* End PBXVariantGroup section */

/* Begin XCBuildConfiguration section */
		117031301ED58D8400C2169E /* Debug */ = {
			isa = XCBuildConfiguration;
			buildSettings = {
				ALWAYS_SEARCH_USER_PATHS = NO;
				CLANG_ANALYZER_NONNULL = YES;
				CLANG_ANALYZER_NUMBER_OBJECT_CONVERSION = YES_AGGRESSIVE;
				CLANG_CXX_LANGUAGE_STANDARD = "gnu++0x";
				CLANG_CXX_LIBRARY = "libc++";
				CLANG_ENABLE_MODULES = YES;
				CLANG_ENABLE_OBJC_ARC = YES;
				CLANG_WARN_BOOL_CONVERSION = YES;
				CLANG_WARN_CONSTANT_CONVERSION = YES;
				CLANG_WARN_DIRECT_OBJC_ISA_USAGE = YES_ERROR;
				CLANG_WARN_DOCUMENTATION_COMMENTS = YES;
				CLANG_WARN_EMPTY_BODY = YES;
				CLANG_WARN_ENUM_CONVERSION = YES;
				CLANG_WARN_INFINITE_RECURSION = YES;
				CLANG_WARN_INT_CONVERSION = YES;
				CLANG_WARN_OBJC_ROOT_CLASS = YES_ERROR;
				CLANG_WARN_SUSPICIOUS_MOVE = YES;
				CLANG_WARN_UNREACHABLE_CODE = YES;
				CLANG_WARN__DUPLICATE_METHOD_MATCH = YES;
				"CODE_SIGN_IDENTITY[sdk=iphoneos*]" = "iPhone Developer";
				COPY_PHASE_STRIP = NO;
				DEBUG_INFORMATION_FORMAT = dwarf;
				ENABLE_STRICT_OBJC_MSGSEND = YES;
				ENABLE_TESTABILITY = YES;
				GCC_C_LANGUAGE_STANDARD = gnu99;
				GCC_DYNAMIC_NO_PIC = NO;
				GCC_NO_COMMON_BLOCKS = YES;
				GCC_OPTIMIZATION_LEVEL = 0;
				GCC_PREPROCESSOR_DEFINITIONS = (
					"DEBUG=1",
					"$(inherited)",
				);
				GCC_WARN_64_TO_32_BIT_CONVERSION = YES;
				GCC_WARN_ABOUT_RETURN_TYPE = YES_ERROR;
				GCC_WARN_UNDECLARED_SELECTOR = YES;
				GCC_WARN_UNINITIALIZED_AUTOS = YES_AGGRESSIVE;
				GCC_WARN_UNUSED_FUNCTION = YES;
				GCC_WARN_UNUSED_VARIABLE = YES;
				IPHONEOS_DEPLOYMENT_TARGET = 10.3;
				MTL_ENABLE_DEBUG_INFO = YES;
				ONLY_ACTIVE_ARCH = YES;
				SDKROOT = iphoneos;
				SWIFT_ACTIVE_COMPILATION_CONDITIONS = DEBUG;
				SWIFT_OPTIMIZATION_LEVEL = "-Onone";
				TARGETED_DEVICE_FAMILY = "1,2";
			};
			name = Debug;
		};
		117031311ED58D8400C2169E /* Release */ = {
			isa = XCBuildConfiguration;
			buildSettings = {
				ALWAYS_SEARCH_USER_PATHS = NO;
				CLANG_ANALYZER_NONNULL = YES;
				CLANG_ANALYZER_NUMBER_OBJECT_CONVERSION = YES_AGGRESSIVE;
				CLANG_CXX_LANGUAGE_STANDARD = "gnu++0x";
				CLANG_CXX_LIBRARY = "libc++";
				CLANG_ENABLE_MODULES = YES;
				CLANG_ENABLE_OBJC_ARC = YES;
				CLANG_WARN_BOOL_CONVERSION = YES;
				CLANG_WARN_CONSTANT_CONVERSION = YES;
				CLANG_WARN_DIRECT_OBJC_ISA_USAGE = YES_ERROR;
				CLANG_WARN_DOCUMENTATION_COMMENTS = YES;
				CLANG_WARN_EMPTY_BODY = YES;
				CLANG_WARN_ENUM_CONVERSION = YES;
				CLANG_WARN_INFINITE_RECURSION = YES;
				CLANG_WARN_INT_CONVERSION = YES;
				CLANG_WARN_OBJC_ROOT_CLASS = YES_ERROR;
				CLANG_WARN_SUSPICIOUS_MOVE = YES;
				CLANG_WARN_UNREACHABLE_CODE = YES;
				CLANG_WARN__DUPLICATE_METHOD_MATCH = YES;
				"CODE_SIGN_IDENTITY[sdk=iphoneos*]" = "iPhone Developer";
				COPY_PHASE_STRIP = NO;
				DEBUG_INFORMATION_FORMAT = "dwarf-with-dsym";
				ENABLE_NS_ASSERTIONS = NO;
				ENABLE_STRICT_OBJC_MSGSEND = YES;
				GCC_C_LANGUAGE_STANDARD = gnu99;
				GCC_NO_COMMON_BLOCKS = YES;
				GCC_WARN_64_TO_32_BIT_CONVERSION = YES;
				GCC_WARN_ABOUT_RETURN_TYPE = YES_ERROR;
				GCC_WARN_UNDECLARED_SELECTOR = YES;
				GCC_WARN_UNINITIALIZED_AUTOS = YES_AGGRESSIVE;
				GCC_WARN_UNUSED_FUNCTION = YES;
				GCC_WARN_UNUSED_VARIABLE = YES;
				IPHONEOS_DEPLOYMENT_TARGET = 10.3;
				MTL_ENABLE_DEBUG_INFO = NO;
				SDKROOT = iphoneos;
				SWIFT_OPTIMIZATION_LEVEL = "-Owholemodule";
				TARGETED_DEVICE_FAMILY = "1,2";
				VALIDATE_PRODUCT = YES;
			};
			name = Release;
		};
		117031331ED58D8400C2169E /* Debug */ = {
			isa = XCBuildConfiguration;
			buildSettings = {
				ASSETCATALOG_COMPILER_APPICON_NAME = AppIcon;
				INFOPLIST_FILE = JCTimeTable/Info.plist;
				LD_RUNPATH_SEARCH_PATHS = "$(inherited) @executable_path/Frameworks";
				PRODUCT_BUNDLE_IDENTIFIER = com.jivanchaudhari.JCTimeTable;
				PRODUCT_NAME = "$(TARGET_NAME)";
				SWIFT_VERSION = 3.0;
			};
			name = Debug;
		};
		117031341ED58D8400C2169E /* Release */ = {
			isa = XCBuildConfiguration;
			buildSettings = {
				ASSETCATALOG_COMPILER_APPICON_NAME = AppIcon;
				INFOPLIST_FILE = JCTimeTable/Info.plist;
				LD_RUNPATH_SEARCH_PATHS = "$(inherited) @executable_path/Frameworks";
				PRODUCT_BUNDLE_IDENTIFIER = com.jivanchaudhari.JCTimeTable;
				PRODUCT_NAME = "$(TARGET_NAME)";
				SWIFT_VERSION = 3.0;
			};
			name = Release;
		};
/* End XCBuildConfiguration section */

/* Begin XCConfigurationList section */
		1170311B1ED58D8300C2169E /* Build configuration list for PBXProject "JCTimeTable" */ = {
			isa = XCConfigurationList;
			buildConfigurations = (
				117031301ED58D8400C2169E /* Debug */,
				117031311ED58D8400C2169E /* Release */,
			);
			defaultConfigurationIsVisible = 0;
			defaultConfigurationName = Release;
		};
		117031321ED58D8400C2169E /* Build configuration list for PBXNativeTarget "JCTimeTable" */ = {
			isa = XCConfigurationList;
			buildConfigurations = (
				117031331ED58D8400C2169E /* Debug */,
				117031341ED58D8400C2169E /* Release */,
			);
			defaultConfigurationIsVisible = 0;
		};
/* End XCConfigurationList section */
	};
	rootObject = 117031181ED58D8300C2169E /* Project object */;
}
